<?xml version="1.0" encoding="UTF-8"?>
<CodeBlocks_project_file>
	<FileVersion major="1" minor="6"/>
	<Project>
		<Option title="FastPathology"/>
		<Option makefile_is_custom="1"/>
		<Option compiler="gcc"/>
		<Option virtualFolders="CMake Files\;CMake Files\..\;CMake Files\..\..\;CMake Files\..\..\fast\;CMake Files\..\..\fast\cmake\;CMake Files\cmake\;"/>
		<Build>
			<Target title="all">
				<Option working_dir="/home/andrep/workspace/FAST-Pathology"/>
				<Option type="4"/>
				<MakeCommands>
					<Build command="/usr/bin/make -f &quot;/home/andrep/workspace/FAST-Pathology/Makefile&quot;  VERBOSE=1 all"/>
					<CompileFile command="/usr/bin/make -f &quot;/home/andrep/workspace/FAST-Pathology/Makefile&quot;  VERBOSE=1 &quot;$file&quot;"/>
					<Clean command="/usr/bin/make -f &quot;/home/andrep/workspace/FAST-Pathology/Makefile&quot;  VERBOSE=1 clean"/>
					<DistClean command="/usr/bin/make -f &quot;/home/andrep/workspace/FAST-Pathology/Makefile&quot;  VERBOSE=1 clean"/>
				</MakeCommands>
			</Target>
			<Target title="install/strip">
				<Option working_dir="/home/andrep/workspace/FAST-Pathology"/>
				<Option type="4"/>
				<MakeCommands>
					<Build command="/usr/bin/make -f &quot;/home/andrep/workspace/FAST-Pathology/Makefile&quot;  VERBOSE=1 install/strip"/>
					<CompileFile command="/usr/bin/make -f &quot;/home/andrep/workspace/FAST-Pathology/Makefile&quot;  VERBOSE=1 &quot;$file&quot;"/>
					<Clean command="/usr/bin/make -f &quot;/home/andrep/workspace/FAST-Pathology/Makefile&quot;  VERBOSE=1 clean"/>
					<DistClean command="/usr/bin/make -f &quot;/home/andrep/workspace/FAST-Pathology/Makefile&quot;  VERBOSE=1 clean"/>
				</MakeCommands>
			</Target>
			<Target title="install/local">
				<Option working_dir="/home/andrep/workspace/FAST-Pathology"/>
				<Option type="4"/>
				<MakeCommands>
					<Build command="/usr/bin/make -f &quot;/home/andrep/workspace/FAST-Pathology/Makefile&quot;  VERBOSE=1 install/local"/>
					<CompileFile command="/usr/bin/make -f &quot;/home/andrep/workspace/FAST-Pathology/Makefile&quot;  VERBOSE=1 &quot;$file&quot;"/>
					<Clean command="/usr/bin/make -f &quot;/home/andrep/workspace/FAST-Pathology/Makefile&quot;  VERBOSE=1 clean"/>
					<DistClean command="/usr/bin/make -f &quot;/home/andrep/workspace/FAST-Pathology/Makefile&quot;  VERBOSE=1 clean"/>
				</MakeCommands>
			</Target>
			<Target title="install">
				<Option working_dir="/home/andrep/workspace/FAST-Pathology"/>
				<Option type="4"/>
				<MakeCommands>
					<Build command="/usr/bin/make -f &quot;/home/andrep/workspace/FAST-Pathology/Makefile&quot;  VERBOSE=1 install"/>
					<CompileFile command="/usr/bin/make -f &quot;/home/andrep/workspace/FAST-Pathology/Makefile&quot;  VERBOSE=1 &quot;$file&quot;"/>
					<Clean command="/usr/bin/make -f &quot;/home/andrep/workspace/FAST-Pathology/Makefile&quot;  VERBOSE=1 clean"/>
					<DistClean command="/usr/bin/make -f &quot;/home/andrep/workspace/FAST-Pathology/Makefile&quot;  VERBOSE=1 clean"/>
				</MakeCommands>
			</Target>
			<Target title="list_install_components">
				<Option working_dir="/home/andrep/workspace/FAST-Pathology"/>
				<Option type="4"/>
				<MakeCommands>
					<Build command="/usr/bin/make -f &quot;/home/andrep/workspace/FAST-Pathology/Makefile&quot;  VERBOSE=1 list_install_components"/>
					<CompileFile command="/usr/bin/make -f &quot;/home/andrep/workspace/FAST-Pathology/Makefile&quot;  VERBOSE=1 &quot;$file&quot;"/>
					<Clean command="/usr/bin/make -f &quot;/home/andrep/workspace/FAST-Pathology/Makefile&quot;  VERBOSE=1 clean"/>
					<DistClean command="/usr/bin/make -f &quot;/home/andrep/workspace/FAST-Pathology/Makefile&quot;  VERBOSE=1 clean"/>
				</MakeCommands>
			</Target>
			<Target title="edit_cache">
				<Option working_dir="/home/andrep/workspace/FAST-Pathology"/>
				<Option type="4"/>
				<MakeCommands>
					<Build command="/usr/bin/make -f &quot;/home/andrep/workspace/FAST-Pathology/Makefile&quot;  VERBOSE=1 edit_cache"/>
					<CompileFile command="/usr/bin/make -f &quot;/home/andrep/workspace/FAST-Pathology/Makefile&quot;  VERBOSE=1 &quot;$file&quot;"/>
					<Clean command="/usr/bin/make -f &quot;/home/andrep/workspace/FAST-Pathology/Makefile&quot;  VERBOSE=1 clean"/>
					<DistClean command="/usr/bin/make -f &quot;/home/andrep/workspace/FAST-Pathology/Makefile&quot;  VERBOSE=1 clean"/>
				</MakeCommands>
			</Target>
			<Target title="rebuild_cache">
				<Option working_dir="/home/andrep/workspace/FAST-Pathology"/>
				<Option type="4"/>
				<MakeCommands>
					<Build command="/usr/bin/make -f &quot;/home/andrep/workspace/FAST-Pathology/Makefile&quot;  VERBOSE=1 rebuild_cache"/>
					<CompileFile command="/usr/bin/make -f &quot;/home/andrep/workspace/FAST-Pathology/Makefile&quot;  VERBOSE=1 &quot;$file&quot;"/>
					<Clean command="/usr/bin/make -f &quot;/home/andrep/workspace/FAST-Pathology/Makefile&quot;  VERBOSE=1 clean"/>
					<DistClean command="/usr/bin/make -f &quot;/home/andrep/workspace/FAST-Pathology/Makefile&quot;  VERBOSE=1 clean"/>
				</MakeCommands>
			</Target>
			<Target title="fast_copy">
				<Option working_dir="/home/andrep/workspace/FAST-Pathology"/>
				<Option type="4"/>
				<MakeCommands>
					<Build command="/usr/bin/make -f &quot;/home/andrep/workspace/FAST-Pathology/Makefile&quot;  VERBOSE=1 fast_copy"/>
					<CompileFile command="/usr/bin/make -f &quot;/home/andrep/workspace/FAST-Pathology/Makefile&quot;  VERBOSE=1 &quot;$file&quot;"/>
					<Clean command="/usr/bin/make -f &quot;/home/andrep/workspace/FAST-Pathology/Makefile&quot;  VERBOSE=1 clean"/>
					<DistClean command="/usr/bin/make -f &quot;/home/andrep/workspace/FAST-Pathology/Makefile&quot;  VERBOSE=1 clean"/>
				</MakeCommands>
			</Target>
			<Target title="fastPathology">
				<Option output="/home/andrep/workspace/FAST-Pathology/fastPathology" prefix_auto="0" extension_auto="0"/>
				<Option working_dir="/home/andrep/workspace/FAST-Pathology"/>
				<Option object_output="./"/>
				<Option type="1"/>
				<Option compiler="gcc"/>
				<Compiler>
					<Add directory="/home/andrep/workspace/FAST-Pathology/fastPathology_autogen/include"/>
					<Add directory="/home/andrep/workspace/FAST-Pathology/."/>
					<Add directory="/home/andrep/fast/cmake/../include"/>
					<Add directory="/home/andrep/fast/cmake/../include/QtCore"/>
					<Add directory="/home/andrep/fast/cmake/../include/QtWidgets"/>
					<Add directory="/home/andrep/fast/cmake/../include/QtOpenGL"/>
					<Add directory="/home/andrep/fast/cmake/../include/QtPrintSupport"/>
					<Add directory="/home/andrep/fast/cmake/../include/QtGui"/>
					<Add directory="/home/andrep/fast/cmake/../include/eigen3"/>
				</Compiler>
				<MakeCommands>
					<Build command="/usr/bin/make -f &quot;/home/andrep/workspace/FAST-Pathology/Makefile&quot;  VERBOSE=1 fastPathology"/>
					<CompileFile command="/usr/bin/make -f &quot;/home/andrep/workspace/FAST-Pathology/Makefile&quot;  VERBOSE=1 &quot;$file&quot;"/>
					<Clean command="/usr/bin/make -f &quot;/home/andrep/workspace/FAST-Pathology/Makefile&quot;  VERBOSE=1 clean"/>
					<DistClean command="/usr/bin/make -f &quot;/home/andrep/workspace/FAST-Pathology/Makefile&quot;  VERBOSE=1 clean"/>
				</MakeCommands>
			</Target>
			<Target title="fastPathology/fast">
				<Option output="/home/andrep/workspace/FAST-Pathology/fastPathology" prefix_auto="0" extension_auto="0"/>
				<Option working_dir="/home/andrep/workspace/FAST-Pathology"/>
				<Option object_output="./"/>
				<Option type="1"/>
				<Option compiler="gcc"/>
				<Compiler>
					<Add directory="/home/andrep/workspace/FAST-Pathology/fastPathology_autogen/include"/>
					<Add directory="/home/andrep/workspace/FAST-Pathology/."/>
					<Add directory="/home/andrep/fast/cmake/../include"/>
					<Add directory="/home/andrep/fast/cmake/../include/QtCore"/>
					<Add directory="/home/andrep/fast/cmake/../include/QtWidgets"/>
					<Add directory="/home/andrep/fast/cmake/../include/QtOpenGL"/>
					<Add directory="/home/andrep/fast/cmake/../include/QtPrintSupport"/>
					<Add directory="/home/andrep/fast/cmake/../include/QtGui"/>
					<Add directory="/home/andrep/fast/cmake/../include/eigen3"/>
				</Compiler>
				<MakeCommands>
					<Build command="/usr/bin/make -f &quot;/home/andrep/workspace/FAST-Pathology/Makefile&quot;  VERBOSE=1 fastPathology/fast"/>
					<CompileFile command="/usr/bin/make -f &quot;/home/andrep/workspace/FAST-Pathology/Makefile&quot;  VERBOSE=1 &quot;$file&quot;"/>
					<Clean command="/usr/bin/make -f &quot;/home/andrep/workspace/FAST-Pathology/Makefile&quot;  VERBOSE=1 clean"/>
					<DistClean command="/usr/bin/make -f &quot;/home/andrep/workspace/FAST-Pathology/Makefile&quot;  VERBOSE=1 clean"/>
				</MakeCommands>
			</Target>
			<Target title="package">
				<Option working_dir="/home/andrep/workspace/FAST-Pathology"/>
				<Option type="4"/>
				<MakeCommands>
					<Build command="/usr/bin/make -f &quot;/home/andrep/workspace/FAST-Pathology/Makefile&quot;  VERBOSE=1 package"/>
					<CompileFile command="/usr/bin/make -f &quot;/home/andrep/workspace/FAST-Pathology/Makefile&quot;  VERBOSE=1 &quot;$file&quot;"/>
					<Clean command="/usr/bin/make -f &quot;/home/andrep/workspace/FAST-Pathology/Makefile&quot;  VERBOSE=1 clean"/>
					<DistClean command="/usr/bin/make -f &quot;/home/andrep/workspace/FAST-Pathology/Makefile&quot;  VERBOSE=1 clean"/>
				</MakeCommands>
			</Target>
			<Target title="package_source">
				<Option working_dir="/home/andrep/workspace/FAST-Pathology"/>
				<Option type="4"/>
				<MakeCommands>
					<Build command="/usr/bin/make -f &quot;/home/andrep/workspace/FAST-Pathology/Makefile&quot;  VERBOSE=1 package_source"/>
					<CompileFile command="/usr/bin/make -f &quot;/home/andrep/workspace/FAST-Pathology/Makefile&quot;  VERBOSE=1 &quot;$file&quot;"/>
					<Clean command="/usr/bin/make -f &quot;/home/andrep/workspace/FAST-Pathology/Makefile&quot;  VERBOSE=1 clean"/>
					<DistClean command="/usr/bin/make -f &quot;/home/andrep/workspace/FAST-Pathology/Makefile&quot;  VERBOSE=1 clean"/>
				</MakeCommands>
			</Target>
			<Target title="fastPathology_autogen">
				<Option working_dir="/home/andrep/workspace/FAST-Pathology"/>
				<Option type="4"/>
				<MakeCommands>
					<Build command="/usr/bin/make -f &quot;/home/andrep/workspace/FAST-Pathology/Makefile&quot;  VERBOSE=1 fastPathology_autogen"/>
					<CompileFile command="/usr/bin/make -f &quot;/home/andrep/workspace/FAST-Pathology/Makefile&quot;  VERBOSE=1 &quot;$file&quot;"/>
					<Clean command="/usr/bin/make -f &quot;/home/andrep/workspace/FAST-Pathology/Makefile&quot;  VERBOSE=1 clean"/>
					<DistClean command="/usr/bin/make -f &quot;/home/andrep/workspace/FAST-Pathology/Makefile&quot;  VERBOSE=1 clean"/>
				</MakeCommands>
			</Target>
		</Build>
		<Unit filename="/home/andrep/workspace/FAST-Pathology/MainWindow.cpp">
			<Option target="fastPathology"/>
		</Unit>
		<Unit filename="/home/andrep/workspace/FAST-Pathology/MainWindow.hpp">
			<Option target="fastPathology"/>
		</Unit>
		<Unit filename="/home/andrep/workspace/FAST-Pathology/fastPathology_autogen/mocs_compilation.cpp">
			<Option target="fastPathology"/>
		</Unit>
		<Unit filename="/home/andrep/workspace/FAST-Pathology/inference_study/measurePipelinePerformance.cpp">
			<Option target="fastPathology"/>
		</Unit>
		<Unit filename="/home/andrep/workspace/FAST-Pathology/main.cpp">
			<Option target="fastPathology"/>
		</Unit>
		<Unit filename="/home/andrep/workspace/FAST-Pathology/CMakeLists.txt">
			<Option virtualFolder="CMake Files\"/>
		</Unit>
		<Unit filename="/home/andrep/workspace/FAST-Pathology/../../fast/cmake/FASTConfig.cmake">
			<Option virtualFolder="CMake Files\..\..\fast\cmake\"/>
		</Unit>
		<Unit filename="/home/andrep/workspace/FAST-Pathology/../../fast/cmake/FASTUse.cmake">
			<Option virtualFolder="CMake Files\..\..\fast\cmake\"/>
		</Unit>
		<Unit filename="/home/andrep/workspace/FAST-Pathology/../../fast/cmake/FindOpenCL.cmake">
			<Option virtualFolder="CMake Files\..\..\fast\cmake\"/>
		</Unit>
		<Unit filename="/home/andrep/workspace/FAST-Pathology/cmake/Package.cmake">
			<Option virtualFolder="CMake Files\cmake\"/>
		</Unit>
	</Project>
</CodeBlocks_project_file>
